
Microsoft Visual Studio Solution File, Format Version 12.00
# Visual Studio 15
VisualStudioVersion = 15.0.28307.168
MinimumVisualStudioVersion = 10.0.40219.1
Project("{FAE04EC0-301F-11D3-BF4B-00C04F79EFBC}") = "digital_breakthrough", "digital_breakthrough\digital_breakthrough.csproj", "{1AFAF4D2-1667-4D13-A5FE-14B184472B8F}"
EndProject
Global
	GlobalSection(SolutionConfigurationPlatforms) = preSolution
		Debug|Any CPU = Debug|Any CPU
		Release|Any CPU = Release|Any CPU
	EndGlobalSection
	GlobalSection(ProjectConfigurationPlatforms) = postSolution
		{1AFAF4D2-1667-4D13-A5FE-14B184472B8F}.Debug|Any CPU.ActiveCfg = Debug|Any CPU
		{1AFAF4D2-1667-4D13-A5FE-14B184472B8F}.Debug|Any CPU.Build.0 = Debug|Any CPU
		{1AFAF4D2-1667-4D13-A5FE-14B184472B8F}.Release|Any CPU.ActiveCfg = Release|Any CPU
		{1AFAF4D2-1667-4D13-A5FE-14B184472B8F}.Release|Any CPU.Build.0 = Release|Any CPU
	EndGlobalSection
	GlobalSection(SolutionProperties) = preSolution
		HideSolutionNode = FALSE
	EndGlobalSection
	GlobalSection(ExtensibilityGlobals) = postSolution
		SolutionGuid = {E6E04FFA-518B-49F8-A0B9-456CB343C312}
	EndGlobalSection
EndGlobal
